
Microsoft Visual Studio Solution File, Format Version 12.00
# Visual Studio 15
VisualStudioVersion = 15.0.26730.12
MinimumVisualStudioVersion = 10.0.40219.1
Project("{FAE04EC0-301F-11D3-BF4B-00C04F79EFBC}") = "part1_4", "part1_4\part1_4.csproj", "{06771B7A-792A-420F-B171-0710EE535140}"
EndProject
Project("{FAE04EC0-301F-11D3-BF4B-00C04F79EFBC}") = "part1_7", "part1_7\part1_7.csproj", "{8F677BEF-BB49-4AE7-9E58-1F8C8C3BA278}"
EndProject
Project("{FAE04EC0-301F-11D3-BF4B-00C04F79EFBC}") = "part2_1", "part2_1\part2_1.csproj", "{A0C7114F-A6E8-4B66-9740-AF531F67DCD9}"
EndProject
Global
	GlobalSection(SolutionConfigurationPlatforms) = preSolution
		Debug|Any CPU = Debug|Any CPU
		Release|Any CPU = Release|Any CPU
	EndGlobalSection
	GlobalSection(ProjectConfigurationPlatforms) = postSolution
		{06771B7A-792A-420F-B171-0710EE535140}.Debug|Any CPU.ActiveCfg = Debug|Any CPU
		{06771B7A-792A-420F-B171-0710EE535140}.Debug|Any CPU.Build.0 = Debug|Any CPU
		{06771B7A-792A-420F-B171-0710EE535140}.Release|Any CPU.ActiveCfg = Release|Any CPU
		{06771B7A-792A-420F-B171-0710EE535140}.Release|Any CPU.Build.0 = Release|Any CPU
		{8F677BEF-BB49-4AE7-9E58-1F8C8C3BA278}.Debug|Any CPU.ActiveCfg = Debug|Any CPU
		{8F677BEF-BB49-4AE7-9E58-1F8C8C3BA278}.Debug|Any CPU.Build.0 = Debug|Any CPU
		{8F677BEF-BB49-4AE7-9E58-1F8C8C3BA278}.Release|Any CPU.ActiveCfg = Release|Any CPU
		{8F677BEF-BB49-4AE7-9E58-1F8C8C3BA278}.Release|Any CPU.Build.0 = Release|Any CPU
		{A0C7114F-A6E8-4B66-9740-AF531F67DCD9}.Debug|Any CPU.ActiveCfg = Debug|Any CPU
		{A0C7114F-A6E8-4B66-9740-AF531F67DCD9}.Debug|Any CPU.Build.0 = Debug|Any CPU
		{A0C7114F-A6E8-4B66-9740-AF531F67DCD9}.Release|Any CPU.ActiveCfg = Release|Any CPU
		{A0C7114F-A6E8-4B66-9740-AF531F67DCD9}.Release|Any CPU.Build.0 = Release|Any CPU
	EndGlobalSection
	GlobalSection(SolutionProperties) = preSolution
		HideSolutionNode = FALSE
	EndGlobalSection
	GlobalSection(ExtensibilityGlobals) = postSolution
		SolutionGuid = {C3370346-3A17-46CF-B9A4-DDF184897A4A}
	EndGlobalSection
EndGlobal
